Microsoft Visual Studio Solution File, Format Version 12.00
# Visual Studio Version 16
VisualStudioVersion = 16.0.28729.10
MinimumVisualStudioVersion = 10.0.40219.1
Project("{9A19103F-16F7-4668-BE54-9A1E7A4F7556}") = "Ekm.Mobile", "src\Ekm.Mobile\Ekm.Mobile.csproj", "{4F852AE4-1CBC-44D8-9990-0C7A2C653A5A}"
EndProject
Project("{FAE04EC0-301F-11D3-BF4B-00C04F79EFBC}") = "Ekm.Mobile.Droid", "src\Ekm.Mobile.Droid\Ekm.Mobile.Droid.csproj", "{FCC83DE0-ACE2-4759-914F-E30979C9A94A}"
EndProject
Project("{FAE04EC0-301F-11D3-BF4B-00C04F79EFBC}") = "Ekm.Mobile.iOS", "src\Ekm.Mobile.iOS\Ekm.Mobile.iOS.csproj", "{916FB465-EB8B-40F9-9B52-96FAC95DCF78}"
EndProject
Project("{9A19103F-16F7-4668-BE54-9A1E7A4F7556}") = "Ekm.Mobile.UITests", "tests\Ekm.Mobile.UITests\Ekm.Mobile.UITests.csproj", "{05C6EAAE-7F3E-4505-BE74-0BC60FE1FA2C}"
EndProject
Project("{2150E333-8FDC-42A3-9474-1A3956D46DE8}") = "src", "src", "{C68935F5-C945-4AD3-95B5-F8F15E81D85D}"
EndProject
Project("{2150E333-8FDC-42A3-9474-1A3956D46DE8}") = "tests", "tests", "{049AB9E5-5626-44CF-91CF-EA5998B3C49A}"
EndProject
Project("{2150E333-8FDC-42A3-9474-1A3956D46DE8}") = "Solution Items", "Solution Items", "{6DA72132-9F02-44A7-BDD4-4B150F5DEE97}"
	ProjectSection(SolutionItems) = preProject
		.editorconfig = .editorconfig
		Directory.build.props = Directory.build.props
		GettingStarted.txt = GettingStarted.txt
		ReadMe.md = ReadMe.md
	EndProjectSection
EndProject
Project("{2150E333-8FDC-42A3-9474-1A3956D46DE8}") = "build", "build", "{CF068E52-E6F8-4161-9C1F-EABEB644652B}"
	ProjectSection(SolutionItems) = preProject
		build\AndroidTemplateManifest.xml = build\AndroidTemplateManifest.xml
		build\BuildTemplateInfo.plist = build\BuildTemplateInfo.plist
	EndProjectSection
EndProject
Project("{9A19103F-16F7-4668-BE54-9A1E7A4F7556}") = "Ekm.Mobile.UnitTests", "tests\Ekm.Mobile.UnitTests\Ekm.Mobile.UnitTests.csproj", "{183C9F27-DCB3-4B52-A3D3-9B33F26E0DBA}"
EndProject
Project("{9A19103F-16F7-4668-BE54-9A1E7A4F7556}") = "Ekm.Mobile.Console", "tests\Ekm.Mobile.Console\Ekm.Mobile.Console.csproj", "{75FE19D9-010A-4003-9AC6-5ED9CFA746AC}"
EndProject
Global
	GlobalSection(SolutionConfigurationPlatforms) = preSolution
		Ad-Hoc|Any CPU = Ad-Hoc|Any CPU
		Ad-Hoc|iPhone = Ad-Hoc|iPhone
		Ad-Hoc|iPhoneSimulator = Ad-Hoc|iPhoneSimulator
		AppStore|Any CPU = AppStore|Any CPU
		AppStore|iPhone = AppStore|iPhone
		AppStore|iPhoneSimulator = AppStore|iPhoneSimulator
		Debug|Any CPU = Debug|Any CPU
		Debug|iPhone = Debug|iPhone
		Debug|iPhoneSimulator = Debug|iPhoneSimulator
		Mock|Any CPU = Mock|Any CPU
		Mock|iPhone = Mock|iPhone
		Mock|iPhoneSimulator = Mock|iPhoneSimulator
		Release|Any CPU = Release|Any CPU
		Release|iPhone = Release|iPhone
		Release|iPhoneSimulator = Release|iPhoneSimulator
	EndGlobalSection
	GlobalSection(ProjectConfigurationPlatforms) = postSolution
		{4F852AE4-1CBC-44D8-9990-0C7A2C653A5A}.Ad-Hoc|Any CPU.ActiveCfg = Release|Any CPU
		{4F852AE4-1CBC-44D8-9990-0C7A2C653A5A}.Ad-Hoc|Any CPU.Build.0 = Release|Any CPU
		{4F852AE4-1CBC-44D8-9990-0C7A2C653A5A}.Ad-Hoc|iPhone.ActiveCfg = Release|Any CPU
		{4F852AE4-1CBC-44D8-9990-0C7A2C653A5A}.Ad-Hoc|iPhone.Build.0 = Release|Any CPU
		{4F852AE4-1CBC-44D8-9990-0C7A2C653A5A}.Ad-Hoc|iPhoneSimulator.ActiveCfg = Release|Any CPU
		{4F852AE4-1CBC-44D8-9990-0C7A2C653A5A}.Ad-Hoc|iPhoneSimulator.Build.0 = Release|Any CPU
		{4F852AE4-1CBC-44D8-9990-0C7A2C653A5A}.AppStore|Any CPU.ActiveCfg = Release|Any CPU
		{4F852AE4-1CBC-44D8-9990-0C7A2C653A5A}.AppStore|Any CPU.Build.0 = Release|Any CPU
		{4F852AE4-1CBC-44D8-9990-0C7A2C653A5A}.AppStore|iPhone.ActiveCfg = Release|Any CPU
		{4F852AE4-1CBC-44D8-9990-0C7A2C653A5A}.AppStore|iPhone.Build.0 = Release|Any CPU
		{4F852AE4-1CBC-44D8-9990-0C7A2C653A5A}.AppStore|iPhoneSimulator.ActiveCfg = Release|Any CPU
		{4F852AE4-1CBC-44D8-9990-0C7A2C653A5A}.AppStore|iPhoneSimulator.Build.0 = Release|Any CPU
		{4F852AE4-1CBC-44D8-9990-0C7A2C653A5A}.Debug|Any CPU.ActiveCfg = Debug|Any CPU
		{4F852AE4-1CBC-44D8-9990-0C7A2C653A5A}.Debug|Any CPU.Build.0 = Debug|Any CPU
		{4F852AE4-1CBC-44D8-9990-0C7A2C653A5A}.Debug|iPhone.ActiveCfg = Debug|Any CPU
		{4F852AE4-1CBC-44D8-9990-0C7A2C653A5A}.Debug|iPhone.Build.0 = Debug|Any CPU
		{4F852AE4-1CBC-44D8-9990-0C7A2C653A5A}.Debug|iPhoneSimulator.ActiveCfg = Debug|Any CPU
		{4F852AE4-1CBC-44D8-9990-0C7A2C653A5A}.Debug|iPhoneSimulator.Build.0 = Debug|Any CPU
		{4F852AE4-1CBC-44D8-9990-0C7A2C653A5A}.Mock|Any CPU.ActiveCfg = Release|Any CPU
		{4F852AE4-1CBC-44D8-9990-0C7A2C653A5A}.Mock|Any CPU.Build.0 = Release|Any CPU
		{4F852AE4-1CBC-44D8-9990-0C7A2C653A5A}.Mock|iPhone.ActiveCfg = Release|Any CPU
		{4F852AE4-1CBC-44D8-9990-0C7A2C653A5A}.Mock|iPhone.Build.0 = Release|Any CPU
		{4F852AE4-1CBC-44D8-9990-0C7A2C653A5A}.Mock|iPhoneSimulator.ActiveCfg = Release|Any CPU
		{4F852AE4-1CBC-44D8-9990-0C7A2C653A5A}.Mock|iPhoneSimulator.Build.0 = Release|Any CPU
		{4F852AE4-1CBC-44D8-9990-0C7A2C653A5A}.Release|Any CPU.ActiveCfg = Release|Any CPU
		{4F852AE4-1CBC-44D8-9990-0C7A2C653A5A}.Release|Any CPU.Build.0 = Release|Any CPU
		{4F852AE4-1CBC-44D8-9990-0C7A2C653A5A}.Release|iPhone.ActiveCfg = Release|Any CPU
		{4F852AE4-1CBC-44D8-9990-0C7A2C653A5A}.Release|iPhone.Build.0 = Release|Any CPU
		{4F852AE4-1CBC-44D8-9990-0C7A2C653A5A}.Release|iPhoneSimulator.ActiveCfg = Release|Any CPU
		{4F852AE4-1CBC-44D8-9990-0C7A2C653A5A}.Release|iPhoneSimulator.Build.0 = Release|Any CPU
		{FCC83DE0-ACE2-4759-914F-E30979C9A94A}.Ad-Hoc|Any CPU.ActiveCfg = AppStore|Any CPU
		{FCC83DE0-ACE2-4759-914F-E30979C9A94A}.Ad-Hoc|Any CPU.Build.0 = AppStore|Any CPU
		{FCC83DE0-ACE2-4759-914F-E30979C9A94A}.Ad-Hoc|Any CPU.Deploy.0 = AppStore|Any CPU
		{FCC83DE0-ACE2-4759-914F-E30979C9A94A}.Ad-Hoc|iPhone.ActiveCfg = Debug|Any CPU
		{FCC83DE0-ACE2-4759-914F-E30979C9A94A}.Ad-Hoc|iPhone.Build.0 = Debug|Any CPU
		{FCC83DE0-ACE2-4759-914F-E30979C9A94A}.Ad-Hoc|iPhoneSimulator.ActiveCfg = AppStore|Any CPU
		{FCC83DE0-ACE2-4759-914F-E30979C9A94A}.Ad-Hoc|iPhoneSimulator.Build.0 = AppStore|Any CPU
		{FCC83DE0-ACE2-4759-914F-E30979C9A94A}.Ad-Hoc|iPhoneSimulator.Deploy.0 = AppStore|Any CPU
		{FCC83DE0-ACE2-4759-914F-E30979C9A94A}.AppStore|Any CPU.ActiveCfg = AppStore|Any CPU
		{FCC83DE0-ACE2-4759-914F-E30979C9A94A}.AppStore|Any CPU.Build.0 = AppStore|Any CPU
		{FCC83DE0-ACE2-4759-914F-E30979C9A94A}.AppStore|iPhone.ActiveCfg = AppStore|Any CPU
		{FCC83DE0-ACE2-4759-914F-E30979C9A94A}.AppStore|iPhone.Build.0 = AppStore|Any CPU
		{FCC83DE0-ACE2-4759-914F-E30979C9A94A}.AppStore|iPhoneSimulator.ActiveCfg = AppStore|Any CPU
		{FCC83DE0-ACE2-4759-914F-E30979C9A94A}.AppStore|iPhoneSimulator.Build.0 = AppStore|Any CPU
		{FCC83DE0-ACE2-4759-914F-E30979C9A94A}.AppStore|iPhoneSimulator.Deploy.0 = AppStore|Any CPU
		{FCC83DE0-ACE2-4759-914F-E30979C9A94A}.Debug|Any CPU.ActiveCfg = Debug|Any CPU
		{FCC83DE0-ACE2-4759-914F-E30979C9A94A}.Debug|Any CPU.Build.0 = Debug|Any CPU
		{FCC83DE0-ACE2-4759-914F-E30979C9A94A}.Debug|Any CPU.Deploy.0 = Debug|Any CPU
		{FCC83DE0-ACE2-4759-914F-E30979C9A94A}.Debug|iPhone.ActiveCfg = Debug|Any CPU
		{FCC83DE0-ACE2-4759-914F-E30979C9A94A}.Debug|iPhone.Build.0 = Debug|Any CPU
		{FCC83DE0-ACE2-4759-914F-E30979C9A94A}.Debug|iPhoneSimulator.ActiveCfg = Debug|Any CPU
		{FCC83DE0-ACE2-4759-914F-E30979C9A94A}.Debug|iPhoneSimulator.Build.0 = Debug|Any CPU
		{FCC83DE0-ACE2-4759-914F-E30979C9A94A}.Mock|Any CPU.ActiveCfg = Mock|Any CPU
		{FCC83DE0-ACE2-4759-914F-E30979C9A94A}.Mock|Any CPU.Build.0 = Mock|Any CPU
		{FCC83DE0-ACE2-4759-914F-E30979C9A94A}.Mock|iPhone.ActiveCfg = Mock|Any CPU
		{FCC83DE0-ACE2-4759-914F-E30979C9A94A}.Mock|iPhone.Build.0 = Mock|Any CPU
		{FCC83DE0-ACE2-4759-914F-E30979C9A94A}.Mock|iPhoneSimulator.ActiveCfg = Mock|Any CPU
		{FCC83DE0-ACE2-4759-914F-E30979C9A94A}.Mock|iPhoneSimulator.Build.0 = Mock|Any CPU
		{FCC83DE0-ACE2-4759-914F-E30979C9A94A}.Release|Any CPU.ActiveCfg = Release|Any CPU
		{FCC83DE0-ACE2-4759-914F-E30979C9A94A}.Release|Any CPU.Build.0 = Release|Any CPU
		{FCC83DE0-ACE2-4759-914F-E30979C9A94A}.Release|iPhone.ActiveCfg = Release|Any CPU
		{FCC83DE0-ACE2-4759-914F-E30979C9A94A}.Release|iPhone.Build.0 = Release|Any CPU
		{FCC83DE0-ACE2-4759-914F-E30979C9A94A}.Release|iPhoneSimulator.ActiveCfg = Release|Any CPU
		{FCC83DE0-ACE2-4759-914F-E30979C9A94A}.Release|iPhoneSimulator.Build.0 = Release|Any CPU
		{916FB465-EB8B-40F9-9B52-96FAC95DCF78}.Ad-Hoc|Any CPU.ActiveCfg = Ad-Hoc|iPhoneSimulator
		{916FB465-EB8B-40F9-9B52-96FAC95DCF78}.Ad-Hoc|iPhone.ActiveCfg = Ad-Hoc|iPhone
		{916FB465-EB8B-40F9-9B52-96FAC95DCF78}.Ad-Hoc|iPhone.Build.0 = Ad-Hoc|iPhone
		{916FB465-EB8B-40F9-9B52-96FAC95DCF78}.Ad-Hoc|iPhoneSimulator.ActiveCfg = Ad-Hoc|iPhoneSimulator
		{916FB465-EB8B-40F9-9B52-96FAC95DCF78}.Ad-Hoc|iPhoneSimulator.Build.0 = Ad-Hoc|iPhoneSimulator
		{916FB465-EB8B-40F9-9B52-96FAC95DCF78}.AppStore|Any CPU.ActiveCfg = AppStore|iPhone
		{916FB465-EB8B-40F9-9B52-96FAC95DCF78}.AppStore|Any CPU.Build.0 = AppStore|iPhone
		{916FB465-EB8B-40F9-9B52-96FAC95DCF78}.AppStore|iPhone.ActiveCfg = AppStore|iPhone
		{916FB465-EB8B-40F9-9B52-96FAC95DCF78}.AppStore|iPhone.Build.0 = AppStore|iPhone
		{916FB465-EB8B-40F9-9B52-96FAC95DCF78}.AppStore|iPhoneSimulator.ActiveCfg = AppStore|iPhoneSimulator
		{916FB465-EB8B-40F9-9B52-96FAC95DCF78}.AppStore|iPhoneSimulator.Build.0 = AppStore|iPhoneSimulator
		{916FB465-EB8B-40F9-9B52-96FAC95DCF78}.Debug|Any CPU.ActiveCfg = Debug|iPhoneSimulator
		{916FB465-EB8B-40F9-9B52-96FAC95DCF78}.Debug|Any CPU.Build.0 = Debug|iPhoneSimulator
		{916FB465-EB8B-40F9-9B52-96FAC95DCF78}.Debug|iPhone.ActiveCfg = Debug|iPhone
		{916FB465-EB8B-40F9-9B52-96FAC95DCF78}.Debug|iPhone.Build.0 = Debug|iPhone
		{916FB465-EB8B-40F9-9B52-96FAC95DCF78}.Debug|iPhoneSimulator.ActiveCfg = Debug|iPhoneSimulator
		{916FB465-EB8B-40F9-9B52-96FAC95DCF78}.Debug|iPhoneSimulator.Build.0 = Debug|iPhoneSimulator
		{916FB465-EB8B-40F9-9B52-96FAC95DCF78}.Mock|Any CPU.ActiveCfg = Mock|iPhoneSimulator
		{916FB465-EB8B-40F9-9B52-96FAC95DCF78}.Mock|Any CPU.Build.0 = Mock|iPhoneSimulator
		{916FB465-EB8B-40F9-9B52-96FAC95DCF78}.Mock|iPhone.ActiveCfg = Mock|iPhone
		{916FB465-EB8B-40F9-9B52-96FAC95DCF78}.Mock|iPhone.Build.0 = Mock|iPhone
		{916FB465-EB8B-40F9-9B52-96FAC95DCF78}.Mock|iPhoneSimulator.ActiveCfg = Mock|iPhoneSimulator
		{916FB465-EB8B-40F9-9B52-96FAC95DCF78}.Mock|iPhoneSimulator.Build.0 = Mock|iPhoneSimulator
		{916FB465-EB8B-40F9-9B52-96FAC95DCF78}.Release|Any CPU.ActiveCfg = Release|iPhoneSimulator
		{916FB465-EB8B-40F9-9B52-96FAC95DCF78}.Release|Any CPU.Build.0 = Release|iPhoneSimulator
		{916FB465-EB8B-40F9-9B52-96FAC95DCF78}.Release|iPhone.ActiveCfg = Release|iPhone
		{916FB465-EB8B-40F9-9B52-96FAC95DCF78}.Release|iPhone.Build.0 = Release|iPhone
		{916FB465-EB8B-40F9-9B52-96FAC95DCF78}.Release|iPhoneSimulator.ActiveCfg = Release|iPhoneSimulator
		{916FB465-EB8B-40F9-9B52-96FAC95DCF78}.Release|iPhoneSimulator.Build.0 = Release|iPhoneSimulator
		{05C6EAAE-7F3E-4505-BE74-0BC60FE1FA2C}.Ad-Hoc|Any CPU.ActiveCfg = Release|Any CPU
		{05C6EAAE-7F3E-4505-BE74-0BC60FE1FA2C}.Ad-Hoc|Any CPU.Build.0 = Release|Any CPU
		{05C6EAAE-7F3E-4505-BE74-0BC60FE1FA2C}.Ad-Hoc|iPhone.ActiveCfg = Debug|Any CPU
		{05C6EAAE-7F3E-4505-BE74-0BC60FE1FA2C}.Ad-Hoc|iPhone.Build.0 = Debug|Any CPU
		{05C6EAAE-7F3E-4505-BE74-0BC60FE1FA2C}.Ad-Hoc|iPhoneSimulator.ActiveCfg = Release|Any CPU
		{05C6EAAE-7F3E-4505-BE74-0BC60FE1FA2C}.Ad-Hoc|iPhoneSimulator.Build.0 = Release|Any CPU
		{05C6EAAE-7F3E-4505-BE74-0BC60FE1FA2C}.AppStore|Any CPU.ActiveCfg = Release|Any CPU
		{05C6EAAE-7F3E-4505-BE74-0BC60FE1FA2C}.AppStore|Any CPU.Build.0 = Release|Any CPU
		{05C6EAAE-7F3E-4505-BE74-0BC60FE1FA2C}.AppStore|iPhone.ActiveCfg = Release|Any CPU
		{05C6EAAE-7F3E-4505-BE74-0BC60FE1FA2C}.AppStore|iPhone.Build.0 = Release|Any CPU
		{05C6EAAE-7F3E-4505-BE74-0BC60FE1FA2C}.AppStore|iPhoneSimulator.ActiveCfg = Release|Any CPU
		{05C6EAAE-7F3E-4505-BE74-0BC60FE1FA2C}.AppStore|iPhoneSimulator.Build.0 = Release|Any CPU
		{05C6EAAE-7F3E-4505-BE74-0BC60FE1FA2C}.Debug|Any CPU.ActiveCfg = Debug|Any CPU
		{05C6EAAE-7F3E-4505-BE74-0BC60FE1FA2C}.Debug|Any CPU.Build.0 = Debug|Any CPU
		{05C6EAAE-7F3E-4505-BE74-0BC60FE1FA2C}.Debug|iPhone.ActiveCfg = Debug|Any CPU
		{05C6EAAE-7F3E-4505-BE74-0BC60FE1FA2C}.Debug|iPhone.Build.0 = Debug|Any CPU
		{05C6EAAE-7F3E-4505-BE74-0BC60FE1FA2C}.Debug|iPhoneSimulator.ActiveCfg = Debug|Any CPU
		{05C6EAAE-7F3E-4505-BE74-0BC60FE1FA2C}.Debug|iPhoneSimulator.Build.0 = Debug|Any CPU
		{05C6EAAE-7F3E-4505-BE74-0BC60FE1FA2C}.Mock|Any CPU.ActiveCfg = Release|Any CPU
		{05C6EAAE-7F3E-4505-BE74-0BC60FE1FA2C}.Mock|Any CPU.Build.0 = Release|Any CPU
		{05C6EAAE-7F3E-4505-BE74-0BC60FE1FA2C}.Mock|iPhone.ActiveCfg = Release|Any CPU
		{05C6EAAE-7F3E-4505-BE74-0BC60FE1FA2C}.Mock|iPhone.Build.0 = Release|Any CPU
		{05C6EAAE-7F3E-4505-BE74-0BC60FE1FA2C}.Mock|iPhoneSimulator.ActiveCfg = Release|Any CPU
		{05C6EAAE-7F3E-4505-BE74-0BC60FE1FA2C}.Mock|iPhoneSimulator.Build.0 = Release|Any CPU
		{05C6EAAE-7F3E-4505-BE74-0BC60FE1FA2C}.Release|Any CPU.ActiveCfg = Release|Any CPU
		{05C6EAAE-7F3E-4505-BE74-0BC60FE1FA2C}.Release|Any CPU.Build.0 = Release|Any CPU
		{05C6EAAE-7F3E-4505-BE74-0BC60FE1FA2C}.Release|iPhone.ActiveCfg = Release|Any CPU
		{05C6EAAE-7F3E-4505-BE74-0BC60FE1FA2C}.Release|iPhone.Build.0 = Release|Any CPU
		{05C6EAAE-7F3E-4505-BE74-0BC60FE1FA2C}.Release|iPhoneSimulator.ActiveCfg = Release|Any CPU
		{05C6EAAE-7F3E-4505-BE74-0BC60FE1FA2C}.Release|iPhoneSimulator.Build.0 = Release|Any CPU
		{183C9F27-DCB3-4B52-A3D3-9B33F26E0DBA}.Ad-Hoc|Any CPU.ActiveCfg = Debug|Any CPU
		{183C9F27-DCB3-4B52-A3D3-9B33F26E0DBA}.Ad-Hoc|Any CPU.Build.0 = Debug|Any CPU
		{183C9F27-DCB3-4B52-A3D3-9B33F26E0DBA}.Ad-Hoc|iPhone.ActiveCfg = Debug|Any CPU
		{183C9F27-DCB3-4B52-A3D3-9B33F26E0DBA}.Ad-Hoc|iPhone.Build.0 = Debug|Any CPU
		{183C9F27-DCB3-4B52-A3D3-9B33F26E0DBA}.Ad-Hoc|iPhoneSimulator.ActiveCfg = Debug|Any CPU
		{183C9F27-DCB3-4B52-A3D3-9B33F26E0DBA}.Ad-Hoc|iPhoneSimulator.Build.0 = Debug|Any CPU
		{183C9F27-DCB3-4B52-A3D3-9B33F26E0DBA}.AppStore|Any CPU.ActiveCfg = Debug|Any CPU
		{183C9F27-DCB3-4B52-A3D3-9B33F26E0DBA}.AppStore|Any CPU.Build.0 = Debug|Any CPU
		{183C9F27-DCB3-4B52-A3D3-9B33F26E0DBA}.AppStore|iPhone.ActiveCfg = Debug|Any CPU
		{183C9F27-DCB3-4B52-A3D3-9B33F26E0DBA}.AppStore|iPhone.Build.0 = Debug|Any CPU
		{183C9F27-DCB3-4B52-A3D3-9B33F26E0DBA}.AppStore|iPhoneSimulator.ActiveCfg = Debug|Any CPU
		{183C9F27-DCB3-4B52-A3D3-9B33F26E0DBA}.AppStore|iPhoneSimulator.Build.0 = Debug|Any CPU
		{183C9F27-DCB3-4B52-A3D3-9B33F26E0DBA}.Debug|Any CPU.ActiveCfg = Debug|Any CPU
		{183C9F27-DCB3-4B52-A3D3-9B33F26E0DBA}.Debug|Any CPU.Build.0 = Debug|Any CPU
		{183C9F27-DCB3-4B52-A3D3-9B33F26E0DBA}.Debug|iPhone.ActiveCfg = Debug|Any CPU
		{183C9F27-DCB3-4B52-A3D3-9B33F26E0DBA}.Debug|iPhone.Build.0 = Debug|Any CPU
		{183C9F27-DCB3-4B52-A3D3-9B33F26E0DBA}.Debug|iPhoneSimulator.ActiveCfg = Debug|Any CPU
		{183C9F27-DCB3-4B52-A3D3-9B33F26E0DBA}.Debug|iPhoneSimulator.Build.0 = Debug|Any CPU
		{183C9F27-DCB3-4B52-A3D3-9B33F26E0DBA}.Mock|Any CPU.ActiveCfg = Debug|Any CPU
		{183C9F27-DCB3-4B52-A3D3-9B33F26E0DBA}.Mock|Any CPU.Build.0 = Debug|Any CPU
		{183C9F27-DCB3-4B52-A3D3-9B33F26E0DBA}.Mock|iPhone.ActiveCfg = Debug|Any CPU
		{183C9F27-DCB3-4B52-A3D3-9B33F26E0DBA}.Mock|iPhone.Build.0 = Debug|Any CPU
		{183C9F27-DCB3-4B52-A3D3-9B33F26E0DBA}.Mock|iPhoneSimulator.ActiveCfg = Debug|Any CPU
		{183C9F27-DCB3-4B52-A3D3-9B33F26E0DBA}.Mock|iPhoneSimulator.Build.0 = Debug|Any CPU
		{183C9F27-DCB3-4B52-A3D3-9B33F26E0DBA}.Release|Any CPU.ActiveCfg = Release|Any CPU
		{183C9F27-DCB3-4B52-A3D3-9B33F26E0DBA}.Release|Any CPU.Build.0 = Release|Any CPU
		{183C9F27-DCB3-4B52-A3D3-9B33F26E0DBA}.Release|iPhone.ActiveCfg = Release|Any CPU
		{183C9F27-DCB3-4B52-A3D3-9B33F26E0DBA}.Release|iPhone.Build.0 = Release|Any CPU
		{183C9F27-DCB3-4B52-A3D3-9B33F26E0DBA}.Release|iPhoneSimulator.ActiveCfg = Release|Any CPU
		{183C9F27-DCB3-4B52-A3D3-9B33F26E0DBA}.Release|iPhoneSimulator.Build.0 = Release|Any CPU
		{75FE19D9-010A-4003-9AC6-5ED9CFA746AC}.Ad-Hoc|Any CPU.ActiveCfg = Debug|Any CPU
		{75FE19D9-010A-4003-9AC6-5ED9CFA746AC}.Ad-Hoc|Any CPU.Build.0 = Debug|Any CPU
		{75FE19D9-010A-4003-9AC6-5ED9CFA746AC}.Ad-Hoc|iPhone.ActiveCfg = Debug|Any CPU
		{75FE19D9-010A-4003-9AC6-5ED9CFA746AC}.Ad-Hoc|iPhone.Build.0 = Debug|Any CPU
		{75FE19D9-010A-4003-9AC6-5ED9CFA746AC}.Ad-Hoc|iPhoneSimulator.ActiveCfg = Debug|Any CPU
		{75FE19D9-010A-4003-9AC6-5ED9CFA746AC}.Ad-Hoc|iPhoneSimulator.Build.0 = Debug|Any CPU
		{75FE19D9-010A-4003-9AC6-5ED9CFA746AC}.AppStore|Any CPU.ActiveCfg = Debug|Any CPU
		{75FE19D9-010A-4003-9AC6-5ED9CFA746AC}.AppStore|Any CPU.Build.0 = Debug|Any CPU
		{75FE19D9-010A-4003-9AC6-5ED9CFA746AC}.AppStore|iPhone.ActiveCfg = Debug|Any CPU
		{75FE19D9-010A-4003-9AC6-5ED9CFA746AC}.AppStore|iPhone.Build.0 = Debug|Any CPU
		{75FE19D9-010A-4003-9AC6-5ED9CFA746AC}.AppStore|iPhoneSimulator.ActiveCfg = Debug|Any CPU
		{75FE19D9-010A-4003-9AC6-5ED9CFA746AC}.AppStore|iPhoneSimulator.Build.0 = Debug|Any CPU
		{75FE19D9-010A-4003-9AC6-5ED9CFA746AC}.Debug|Any CPU.ActiveCfg = Debug|Any CPU
		{75FE19D9-010A-4003-9AC6-5ED9CFA746AC}.Debug|Any CPU.Build.0 = Debug|Any CPU
		{75FE19D9-010A-4003-9AC6-5ED9CFA746AC}.Debug|iPhone.ActiveCfg = Debug|Any CPU
		{75FE19D9-010A-4003-9AC6-5ED9CFA746AC}.Debug|iPhone.Build.0 = Debug|Any CPU
		{75FE19D9-010A-4003-9AC6-5ED9CFA746AC}.Debug|iPhoneSimulator.ActiveCfg = Debug|Any CPU
		{75FE19D9-010A-4003-9AC6-5ED9CFA746AC}.Debug|iPhoneSimulator.Build.0 = Debug|Any CPU
		{75FE19D9-010A-4003-9AC6-5ED9CFA746AC}.Mock|Any CPU.ActiveCfg = Debug|Any CPU
		{75FE19D9-010A-4003-9AC6-5ED9CFA746AC}.Mock|Any CPU.Build.0 = Debug|Any CPU
		{75FE19D9-010A-4003-9AC6-5ED9CFA746AC}.Mock|iPhone.ActiveCfg = Debug|Any CPU
		{75FE19D9-010A-4003-9AC6-5ED9CFA746AC}.Mock|iPhone.Build.0 = Debug|Any CPU
		{75FE19D9-010A-4003-9AC6-5ED9CFA746AC}.Mock|iPhoneSimulator.ActiveCfg = Debug|Any CPU
		{75FE19D9-010A-4003-9AC6-5ED9CFA746AC}.Mock|iPhoneSimulator.Build.0 = Debug|Any CPU
		{75FE19D9-010A-4003-9AC6-5ED9CFA746AC}.Release|Any CPU.ActiveCfg = Release|Any CPU
		{75FE19D9-010A-4003-9AC6-5ED9CFA746AC}.Release|Any CPU.Build.0 = Release|Any CPU
		{75FE19D9-010A-4003-9AC6-5ED9CFA746AC}.Release|iPhone.ActiveCfg = Release|Any CPU
		{75FE19D9-010A-4003-9AC6-5ED9CFA746AC}.Release|iPhone.Build.0 = Release|Any CPU
		{75FE19D9-010A-4003-9AC6-5ED9CFA746AC}.Release|iPhoneSimulator.ActiveCfg = Release|Any CPU
		{75FE19D9-010A-4003-9AC6-5ED9CFA746AC}.Release|iPhoneSimulator.Build.0 = Release|Any CPU
	EndGlobalSection
	GlobalSection(SolutionProperties) = preSolution
		HideSolutionNode = FALSE
	EndGlobalSection
	GlobalSection(NestedProjects) = preSolution
		{4F852AE4-1CBC-44D8-9990-0C7A2C653A5A} = {C68935F5-C945-4AD3-95B5-F8F15E81D85D}
		{FCC83DE0-ACE2-4759-914F-E30979C9A94A} = {C68935F5-C945-4AD3-95B5-F8F15E81D85D}
		{916FB465-EB8B-40F9-9B52-96FAC95DCF78} = {C68935F5-C945-4AD3-95B5-F8F15E81D85D}
		{05C6EAAE-7F3E-4505-BE74-0BC60FE1FA2C} = {049AB9E5-5626-44CF-91CF-EA5998B3C49A}
		{183C9F27-DCB3-4B52-A3D3-9B33F26E0DBA} = {049AB9E5-5626-44CF-91CF-EA5998B3C49A}
		{75FE19D9-010A-4003-9AC6-5ED9CFA746AC} = {049AB9E5-5626-44CF-91CF-EA5998B3C49A}
	EndGlobalSection
	GlobalSection(ExtensibilityGlobals) = postSolution
		SolutionGuid = {FB5B32CF-C184-4FE5-AA1D-E131E94A976E}
	EndGlobalSection
EndGlobal
